
Microsoft Visual Studio Solution File, Format Version 12.00
# Visual Studio 2013
VisualStudioVersion = 12.0.40629.0
MinimumVisualStudioVersion = 10.0.40219.1
Project("{FAE04EC0-301F-11D3-BF4B-00C04F79EFBC}") = "Ghsaa", "Ghsaa\Ghsaa.csproj", "{C166B243-DD4C-4321-95F4-4F9740F40CF6}"
EndProject
Project("{FAE04EC0-301F-11D3-BF4B-00C04F79EFBC}") = "Ghsaa.Tests", "Ghsaa.Tests\Ghsaa.Tests.csproj", "{7E78C5E3-C8BE-46DE-81C4-7A1EC79424F5}"
EndProject
Project("{FAE04EC0-301F-11D3-BF4B-00C04F79EFBC}") = "MVCIdentityConfirm", "..\..\..\..\Downloads\ASP.NET MVC 5 Conferma Email Utente\C#\MVCIdentityConfirm\MVCIdentityConfirm.csproj", "{0736DB0B-7674-4BE4-B61D-963862617928}"
EndProject
Project("{FAE04EC0-301F-11D3-BF4B-00C04F79EFBC}") = "SignalRChat", "SignalRChat\SignalRChat.csproj", "{C66753AF-AB2B-4592-9582-F606495E46DB}"
EndProject
Global
	GlobalSection(SolutionConfigurationPlatforms) = preSolution
		Debug|Any CPU = Debug|Any CPU
		Release|Any CPU = Release|Any CPU
	EndGlobalSection
	GlobalSection(ProjectConfigurationPlatforms) = postSolution
		{C166B243-DD4C-4321-95F4-4F9740F40CF6}.Debug|Any CPU.ActiveCfg = Debug|Any CPU
		{C166B243-DD4C-4321-95F4-4F9740F40CF6}.Debug|Any CPU.Build.0 = Debug|Any CPU
		{C166B243-DD4C-4321-95F4-4F9740F40CF6}.Release|Any CPU.ActiveCfg = Release|Any CPU
		{C166B243-DD4C-4321-95F4-4F9740F40CF6}.Release|Any CPU.Build.0 = Release|Any CPU
		{7E78C5E3-C8BE-46DE-81C4-7A1EC79424F5}.Debug|Any CPU.ActiveCfg = Debug|Any CPU
		{7E78C5E3-C8BE-46DE-81C4-7A1EC79424F5}.Debug|Any CPU.Build.0 = Debug|Any CPU
		{7E78C5E3-C8BE-46DE-81C4-7A1EC79424F5}.Release|Any CPU.ActiveCfg = Release|Any CPU
		{7E78C5E3-C8BE-46DE-81C4-7A1EC79424F5}.Release|Any CPU.Build.0 = Release|Any CPU
		{0736DB0B-7674-4BE4-B61D-963862617928}.Debug|Any CPU.ActiveCfg = Debug|Any CPU
		{0736DB0B-7674-4BE4-B61D-963862617928}.Debug|Any CPU.Build.0 = Debug|Any CPU
		{0736DB0B-7674-4BE4-B61D-963862617928}.Release|Any CPU.ActiveCfg = Release|Any CPU
		{0736DB0B-7674-4BE4-B61D-963862617928}.Release|Any CPU.Build.0 = Release|Any CPU
		{C66753AF-AB2B-4592-9582-F606495E46DB}.Debug|Any CPU.ActiveCfg = Debug|Any CPU
		{C66753AF-AB2B-4592-9582-F606495E46DB}.Debug|Any CPU.Build.0 = Debug|Any CPU
		{C66753AF-AB2B-4592-9582-F606495E46DB}.Release|Any CPU.ActiveCfg = Release|Any CPU
		{C66753AF-AB2B-4592-9582-F606495E46DB}.Release|Any CPU.Build.0 = Release|Any CPU
	EndGlobalSection
	GlobalSection(SolutionProperties) = preSolution
		HideSolutionNode = FALSE
	EndGlobalSection
EndGlobal
